
Microsoft Visual Studio Solution File, Format Version 12.00
# Visual Studio Version 16
VisualStudioVersion = 16.0.30611.23
MinimumVisualStudioVersion = 10.0.40219.1
Project("{FAE04EC0-301F-11D3-BF4B-00C04F79EFBC}") = "randomTest", "randomTest\randomTest.csproj", "{DEF08250-78CB-4EFF-A48F-2B8C0AF94FE2}"
EndProject
Project("{FAE04EC0-301F-11D3-BF4B-00C04F79EFBC}") = "RandomTest02", "RandomTest02\RandomTest02.csproj", "{35025A8C-B3BA-49C7-9FCC-2494306930E3}"
EndProject
Global
	GlobalSection(SolutionConfigurationPlatforms) = preSolution
		Debug|Any CPU = Debug|Any CPU
		Release|Any CPU = Release|Any CPU
	EndGlobalSection
	GlobalSection(ProjectConfigurationPlatforms) = postSolution
		{DEF08250-78CB-4EFF-A48F-2B8C0AF94FE2}.Debug|Any CPU.ActiveCfg = Debug|Any CPU
		{DEF08250-78CB-4EFF-A48F-2B8C0AF94FE2}.Debug|Any CPU.Build.0 = Debug|Any CPU
		{DEF08250-78CB-4EFF-A48F-2B8C0AF94FE2}.Release|Any CPU.ActiveCfg = Release|Any CPU
		{DEF08250-78CB-4EFF-A48F-2B8C0AF94FE2}.Release|Any CPU.Build.0 = Release|Any CPU
		{35025A8C-B3BA-49C7-9FCC-2494306930E3}.Debug|Any CPU.ActiveCfg = Debug|Any CPU
		{35025A8C-B3BA-49C7-9FCC-2494306930E3}.Debug|Any CPU.Build.0 = Debug|Any CPU
		{35025A8C-B3BA-49C7-9FCC-2494306930E3}.Release|Any CPU.ActiveCfg = Release|Any CPU
		{35025A8C-B3BA-49C7-9FCC-2494306930E3}.Release|Any CPU.Build.0 = Release|Any CPU
	EndGlobalSection
	GlobalSection(SolutionProperties) = preSolution
		HideSolutionNode = FALSE
	EndGlobalSection
	GlobalSection(ExtensibilityGlobals) = postSolution
		SolutionGuid = {CF84AC78-B286-4EBC-BDC5-411B4C4663D5}
	EndGlobalSection
EndGlobal
